<?xml version="1.0" encoding="utf-8"?>
<Project ToolsVersion="4.0" xmlns="http://schemas.microsoft.com/developer/msbuild/2003">
  <ItemGroup>
    <Filter Include="ソース ファイル">
      <UniqueIdentifier>{4FC737F1-C7A5-4376-A066-2A32D752A2FF}</UniqueIdentifier>
      <Extensions>cpp;c;cc;cxx;c++;cppm;ixx;def;odl;idl;hpj;bat;asm;asmx</Extensions>
    </Filter>
    <Filter Include="ヘッダー ファイル">
      <UniqueIdentifier>{93995380-89BD-4b04-88EB-625FBE52EBFB}</UniqueIdentifier>
      <Extensions>h;hh;hpp;hxx;h++;hm;inl;inc;ipp;xsd</Extensions>
    </Filter>
    <Filter Include="リソース ファイル">
      <UniqueIdentifier>{67DA6AB6-F800-4c08-8B7A-83BB121AAD01}</UniqueIdentifier>
      <Extensions>rc;ico;cur;bmp;dlg;rc2;rct;bin;rgs;gif;jpg;jpeg;jpe;resx;tiff;tif;png;wav;mfcribbon-ms</Extensions>
    </Filter>
  </ItemGroup>
  <ItemGroup>
    <ClCompile Include="test_vs_main.cpp">
      <Filter>ソース ファイル</Filter>
    </ClCompile>
  </ItemGroup>
  <ItemGroup>
    <ClInclude Include="..\base_matrix\base_matrix.hpp">
      <Filter>リソース ファイル</Filter>
    </ClInclude>
    <ClInclude Include="..\base_matrix\base_matrix_cholesky_decomposition.hpp">
      <Filter>リソース ファイル</Filter>
    </ClInclude>
    <ClInclude Include="..\base_matrix\base_matrix_complex.hpp">
      <Filter>リソース ファイル</Filter>
    </ClInclude>
    <ClInclude Include="..\base_matrix\base_matrix_concatenate.hpp">
      <Filter>リソース ファイル</Filter>
    </ClInclude>
    <ClInclude Include="..\base_matrix\base_matrix_diagonal.hpp">
      <Filter>リソース ファイル</Filter>
    </ClInclude>
    <ClInclude Include="..\base_matrix\base_matrix_eigen_solver.hpp">
      <Filter>リソース ファイル</Filter>
    </ClInclude>
    <ClInclude Include="..\base_matrix\base_matrix_inverse.hpp">
      <Filter>リソース ファイル</Filter>
    </ClInclude>
    <ClInclude Include="..\base_matrix\base_matrix_lu_decomposition.hpp">
      <Filter>リソース ファイル</Filter>
    </ClInclude>
    <ClInclude Include="..\base_matrix\base_matrix_matrix.hpp">
      <Filter>リソース ファイル</Filter>
    </ClInclude>
    <ClInclude Include="..\base_matrix\base_matrix_qr_decomposition.hpp">
      <Filter>リソース ファイル</Filter>
    </ClInclude>
    <ClInclude Include="..\base_matrix\base_matrix_sparse.hpp">
      <Filter>リソース ファイル</Filter>
    </ClInclude>
    <ClInclude Include="..\base_matrix\base_matrix_triangular_sparse.hpp">
      <Filter>リソース ファイル</Filter>
    </ClInclude>
    <ClInclude Include="..\base_matrix\base_matrix_utility.hpp">
      <Filter>リソース ファイル</Filter>
    </ClInclude>
    <ClInclude Include="..\base_matrix\base_matrix_variable_sparse.hpp">
      <Filter>リソース ファイル</Filter>
    </ClInclude>
    <ClInclude Include="..\base_matrix\base_matrix_vector.hpp">
      <Filter>リソース ファイル</Filter>
    </ClInclude>
    <ClInclude Include="..\python_numpy\python_numpy.hpp">
      <Filter>リソース ファイル</Filter>
    </ClInclude>
    <ClInclude Include="..\python_numpy\python_numpy_base.hpp">
      <Filter>リソース ファイル</Filter>
    </ClInclude>
    <ClInclude Include="..\python_numpy\python_numpy_concatenate.hpp">
      <Filter>リソース ファイル</Filter>
    </ClInclude>
    <ClInclude Include="..\python_numpy\python_numpy_linalg_cholesky.hpp">
      <Filter>リソース ファイル</Filter>
    </ClInclude>
    <ClInclude Include="..\python_numpy\python_numpy_linalg_eig.hpp">
      <Filter>リソース ファイル</Filter>
    </ClInclude>
    <ClInclude Include="..\python_numpy\python_numpy_linalg_lu.hpp">
      <Filter>リソース ファイル</Filter>
    </ClInclude>
    <ClInclude Include="..\python_numpy\python_numpy_linalg_qr.hpp">
      <Filter>リソース ファイル</Filter>
    </ClInclude>
    <ClInclude Include="..\python_numpy\python_numpy_linalg_solver.hpp">
      <Filter>リソース ファイル</Filter>
    </ClInclude>
    <ClInclude Include="..\python_numpy\python_numpy_transpose_operation.hpp">
      <Filter>リソース ファイル</Filter>
    </ClInclude>
    <ClInclude Include="MCAP_tester\include\MCAP_tester.hpp">
      <Filter>リソース ファイル</Filter>
    </ClInclude>
    <ClInclude Include="..\python_numpy\python_numpy_complex.hpp">
      <Filter>リソース ファイル</Filter>
    </ClInclude>
    <ClInclude Include="..\base_matrix\base_matrix_macros.hpp">
      <Filter>リソース ファイル</Filter>
    </ClInclude>
    <ClInclude Include="..\base_matrix\base_matrix_compiled_sparse.hpp">
      <Filter>リソース ファイル</Filter>
    </ClInclude>
    <ClInclude Include="..\base_matrix\base_matrix_compiled_sparse_operation.hpp">
      <Filter>リソース ファイル</Filter>
    </ClInclude>
  </ItemGroup>
</Project>